
Microsoft Visual Studio Solution File, Format Version 12.00
# Visual Studio 15
VisualStudioVersion = 15.0.28307.329
MinimumVisualStudioVersion = 10.0.40219.1
Project("{9A19103F-16F7-4668-BE54-9A1E7A4F7556}") = "NovelToRenpy", "NovelToRenpy\NovelToRenpy.csproj", "{43D7559E-6C65-49C1-AA5C-1A79910AAE26}"
EndProject
Project("{FAE04EC0-301F-11D3-BF4B-00C04F79EFBC}") = "NovelToRenpy.Test", "NovelToRenpy.Test\NovelToRenpy.Test.csproj", "{D9464840-8D46-4FC9-BBAA-B4631A0F9218}"
EndProject
Project("{FAE04EC0-301F-11D3-BF4B-00C04F79EFBC}") = "NovelToRenpy.App", "NovelToRenpy.App\NovelToRenpy.App.csproj", "{D30BB8C7-A983-4CE2-8E91-7268B71A4C03}"
EndProject
Project("{2150E333-8FDC-42A3-9474-1A3956D46DE8}") = "Solution Items", "Solution Items", "{A58841D7-0B14-4439-9B8D-68CAB3FA13A4}"
	ProjectSection(SolutionItems) = preProject
		README.md = README.md
	EndProjectSection
EndProject
Global
	GlobalSection(SolutionConfigurationPlatforms) = preSolution
		Debug|Any CPU = Debug|Any CPU
		Release|Any CPU = Release|Any CPU
	EndGlobalSection
	GlobalSection(ProjectConfigurationPlatforms) = postSolution
		{43D7559E-6C65-49C1-AA5C-1A79910AAE26}.Debug|Any CPU.ActiveCfg = Debug|Any CPU
		{43D7559E-6C65-49C1-AA5C-1A79910AAE26}.Debug|Any CPU.Build.0 = Debug|Any CPU
		{43D7559E-6C65-49C1-AA5C-1A79910AAE26}.Release|Any CPU.ActiveCfg = Release|Any CPU
		{43D7559E-6C65-49C1-AA5C-1A79910AAE26}.Release|Any CPU.Build.0 = Release|Any CPU
		{D9464840-8D46-4FC9-BBAA-B4631A0F9218}.Debug|Any CPU.ActiveCfg = Debug|Any CPU
		{D9464840-8D46-4FC9-BBAA-B4631A0F9218}.Debug|Any CPU.Build.0 = Debug|Any CPU
		{D9464840-8D46-4FC9-BBAA-B4631A0F9218}.Release|Any CPU.ActiveCfg = Release|Any CPU
		{D9464840-8D46-4FC9-BBAA-B4631A0F9218}.Release|Any CPU.Build.0 = Release|Any CPU
		{D30BB8C7-A983-4CE2-8E91-7268B71A4C03}.Debug|Any CPU.ActiveCfg = Debug|Any CPU
		{D30BB8C7-A983-4CE2-8E91-7268B71A4C03}.Debug|Any CPU.Build.0 = Debug|Any CPU
		{D30BB8C7-A983-4CE2-8E91-7268B71A4C03}.Release|Any CPU.ActiveCfg = Release|Any CPU
		{D30BB8C7-A983-4CE2-8E91-7268B71A4C03}.Release|Any CPU.Build.0 = Release|Any CPU
	EndGlobalSection
	GlobalSection(SolutionProperties) = preSolution
		HideSolutionNode = FALSE
	EndGlobalSection
	GlobalSection(ExtensibilityGlobals) = postSolution
		SolutionGuid = {3EFDEE66-D058-432B-8921-ABF20E3D57F1}
	EndGlobalSection
EndGlobal
